
Microsoft Visual Studio Solution File, Format Version 12.00
Project("{FAE04EC0-301F-11D3-BF4B-00C04F79EFBC}") = "AlcoholStoreApp", "AlcoholStoreApp\AlcoholStoreApp.csproj", "{225DA72B-168A-4B11-8D3D-F0ECB4EC9B9D}"
EndProject
Project("{FAE04EC0-301F-11D3-BF4B-00C04F79EFBC}") = "Data", "Data\Data.csproj", "{CC09FA19-5B7F-476F-BC71-ED9C61DDC587}"
EndProject
Global
	GlobalSection(SolutionConfigurationPlatforms) = preSolution
		Debug|Any CPU = Debug|Any CPU
		Release|Any CPU = Release|Any CPU
	EndGlobalSection
	GlobalSection(ProjectConfigurationPlatforms) = postSolution
		{225DA72B-168A-4B11-8D3D-F0ECB4EC9B9D}.Debug|Any CPU.ActiveCfg = Debug|Any CPU
		{225DA72B-168A-4B11-8D3D-F0ECB4EC9B9D}.Debug|Any CPU.Build.0 = Debug|Any CPU
		{225DA72B-168A-4B11-8D3D-F0ECB4EC9B9D}.Release|Any CPU.ActiveCfg = Release|Any CPU
		{225DA72B-168A-4B11-8D3D-F0ECB4EC9B9D}.Release|Any CPU.Build.0 = Release|Any CPU
		{CC09FA19-5B7F-476F-BC71-ED9C61DDC587}.Debug|Any CPU.ActiveCfg = Debug|Any CPU
		{CC09FA19-5B7F-476F-BC71-ED9C61DDC587}.Debug|Any CPU.Build.0 = Debug|Any CPU
		{CC09FA19-5B7F-476F-BC71-ED9C61DDC587}.Release|Any CPU.ActiveCfg = Release|Any CPU
		{CC09FA19-5B7F-476F-BC71-ED9C61DDC587}.Release|Any CPU.Build.0 = Release|Any CPU
	EndGlobalSection
EndGlobal
